
Microsoft Visual Studio Solution File, Format Version 12.00
# Visual Studio Version 16
VisualStudioVersion = 16.0.30907.101
MinimumVisualStudioVersion = 10.0.40219.1
Project("{FAE04EC0-301F-11D3-BF4B-00C04F79EFBC}") = "Challenge", "Challenge.csproj", "{0C0F5A25-7A4C-4156-A872-BEDC4108270F}"
EndProject
Global
	GlobalSection(SolutionConfigurationPlatforms) = preSolution
		Debug|Any CPU = Debug|Any CPU
		Release|Any CPU = Release|Any CPU
	EndGlobalSection
	GlobalSection(ProjectConfigurationPlatforms) = postSolution
		{0C0F5A25-7A4C-4156-A872-BEDC4108270F}.Debug|Any CPU.ActiveCfg = Debug|Any CPU
		{0C0F5A25-7A4C-4156-A872-BEDC4108270F}.Debug|Any CPU.Build.0 = Debug|Any CPU
		{0C0F5A25-7A4C-4156-A872-BEDC4108270F}.Release|Any CPU.ActiveCfg = Release|Any CPU
		{0C0F5A25-7A4C-4156-A872-BEDC4108270F}.Release|Any CPU.Build.0 = Release|Any CPU
	EndGlobalSection
	GlobalSection(SolutionProperties) = preSolution
		HideSolutionNode = FALSE
	EndGlobalSection
	GlobalSection(ExtensibilityGlobals) = postSolution
		SolutionGuid = {9C68948E-650B-4E21-936F-27E9E636E397}
	EndGlobalSection
EndGlobal
